
Microsoft Visual Studio Solution File, Format Version 12.00
# Visual Studio Version 16
VisualStudioVersion = 16.0.31727.386
MinimumVisualStudioVersion = 10.0.40219.1
Project("{FAE04EC0-301F-11D3-BF4B-00C04F79EFBC}") = "projekcik", "projekcik.csproj", "{01C32153-10EE-4075-B739-4E254D12FCEB}"
EndProject
Global
	GlobalSection(SolutionConfigurationPlatforms) = preSolution
		Debug|Any CPU = Debug|Any CPU
		Release|Any CPU = Release|Any CPU
	EndGlobalSection
	GlobalSection(ProjectConfigurationPlatforms) = postSolution
		{01C32153-10EE-4075-B739-4E254D12FCEB}.Debug|Any CPU.ActiveCfg = Debug|Any CPU
		{01C32153-10EE-4075-B739-4E254D12FCEB}.Debug|Any CPU.Build.0 = Debug|Any CPU
		{01C32153-10EE-4075-B739-4E254D12FCEB}.Release|Any CPU.ActiveCfg = Release|Any CPU
		{01C32153-10EE-4075-B739-4E254D12FCEB}.Release|Any CPU.Build.0 = Release|Any CPU
	EndGlobalSection
	GlobalSection(SolutionProperties) = preSolution
		HideSolutionNode = FALSE
	EndGlobalSection
	GlobalSection(ExtensibilityGlobals) = postSolution
		SolutionGuid = {A72065D6-A561-4FEE-9657-5DFA991EFC5C}
	EndGlobalSection
EndGlobal
